// !$*UTF8*$!
{
	archiveVersion = 1;
	classes = {
	};
	objectVersion = 56;
	objects = {

/* Begin PBXBuildFile section */
		CC5879E32AC759B00081A644 /* AppDelegate.swift in Sources */ = {isa = PBXBuildFile; fileRef = CC5879E22AC759B00081A644 /* AppDelegate.swift */; };
		CC5879E52AC759B00081A644 /* SceneDelegate.swift in Sources */ = {isa = PBXBuildFile; fileRef = CC5879E42AC759B00081A644 /* SceneDelegate.swift */; };
		CC5879E72AC759B00081A644 /* ViewController.swift in Sources */ = {isa = PBXBuildFile; fileRef = CC5879E62AC759B00081A644 /* ViewController.swift */; };
		CC5879EA2AC759B00081A644 /* Main.storyboard in Resources */ = {isa = PBXBuildFile; fileRef = CC5879E82AC759B00081A644 /* Main.storyboard */; };
		CC5879EC2AC759B20081A644 /* Assets.xcassets in Resources */ = {isa = PBXBuildFile; fileRef = CC5879EB2AC759B20081A644 /* Assets.xcassets */; };
		CC5879EF2AC759B20081A644 /* LaunchScreen.storyboard in Resources */ = {isa = PBXBuildFile; fileRef = CC5879ED2AC759B20081A644 /* LaunchScreen.storyboard */; };
		CCC5DE452AC75BC100465D7F /* Utility.framework in Frameworks */ = {isa = PBXBuildFile; fileRef = CCC5DE212AC75AE700465D7F /* Utility.framework */; };
		CCC5DE462AC75BC100465D7F /* Utility.framework in Embed Frameworks */ = {isa = PBXBuildFile; fileRef = CCC5DE212AC75AE700465D7F /* Utility.framework */; settings = {ATTRIBUTES = (CodeSignOnCopy, RemoveHeadersOnCopy, ); }; };
		CCC5DE482AC75BC300465D7F /* CCU.framework in Frameworks */ = {isa = PBXBuildFile; fileRef = CCC5DE282AC75AF500465D7F /* CCU.framework */; };
		CCC5DE492AC75BC300465D7F /* CCU.framework in Embed Frameworks */ = {isa = PBXBuildFile; fileRef = CCC5DE282AC75AF500465D7F /* CCU.framework */; settings = {ATTRIBUTES = (CodeSignOnCopy, RemoveHeadersOnCopy, ); }; };
		CCC5DE4A2AC75BC400465D7F /* CameraControlInterface.framework in Frameworks */ = {isa = PBXBuildFile; fileRef = CCC5DE3E2AC75B0900465D7F /* CameraControlInterface.framework */; };
		CCC5DE4B2AC75BC400465D7F /* CameraControlInterface.framework in Embed Frameworks */ = {isa = PBXBuildFile; fileRef = CCC5DE3E2AC75B0900465D7F /* CameraControlInterface.framework */; settings = {ATTRIBUTES = (CodeSignOnCopy, RemoveHeadersOnCopy, ); }; };
		CCC5DE4C2AC75BC600465D7F /* BluetoothControl.framework in Frameworks */ = {isa = PBXBuildFile; fileRef = CCC5DE302AC75AFF00465D7F /* BluetoothControl.framework */; };
		CCC5DE4D2AC75BC600465D7F /* BluetoothControl.framework in Embed Frameworks */ = {isa = PBXBuildFile; fileRef = CCC5DE302AC75AFF00465D7F /* BluetoothControl.framework */; settings = {ATTRIBUTES = (CodeSignOnCopy, RemoveHeadersOnCopy, ); }; };
/* End PBXBuildFile section */

/* Begin PBXContainerItemProxy section */
		CCC5DE202AC75AE700465D7F /* PBXContainerItemProxy */ = {
			isa = PBXContainerItemProxy;
			containerPortal = CCC5DE1C2AC75AE700465D7F /* Utility.xcodeproj */;
			proxyType = 2;
			remoteGlobalIDString = 1BD6162523CBED920055810B;
			remoteInfo = "Utility-iOS";
		};
		CCC5DE272AC75AF500465D7F /* PBXContainerItemProxy */ = {
			isa = PBXContainerItemProxy;
			containerPortal = CCC5DE222AC75AF500465D7F /* CCU.xcodeproj */;
			proxyType = 2;
			remoteGlobalIDString = 1BD6165623CBF4AD0055810B;
			remoteInfo = "CCU-iOS";
		};
		CCC5DE2F2AC75AFF00465D7F /* PBXContainerItemProxy */ = {
			isa = PBXContainerItemProxy;
			containerPortal = CCC5DE292AC75AFF00465D7F /* BluetoothControl.xcodeproj */;
			proxyType = 2;
			remoteGlobalIDString = 1BD6185F23CC21D40055810B;
			remoteInfo = "BluetoothControl-iOS";
		};
		CCC5DE3D2AC75B0900465D7F /* PBXContainerItemProxy */ = {
			isa = PBXContainerItemProxy;
			containerPortal = CCC5DE312AC75B0900465D7F /* CameraControlInterface.xcodeproj */;
			proxyType = 2;
			remoteGlobalIDString = 1BD6182A23CC207D0055810B;
			remoteInfo = "CameraControlInterface-iOS";
		};
/* End PBXContainerItemProxy section */

/* Begin PBXCopyFilesBuildPhase section */
		CCC5DE472AC75BC100465D7F /* Embed Frameworks */ = {
			isa = PBXCopyFilesBuildPhase;
			buildActionMask = 2147483647;
			dstPath = "";
			dstSubfolderSpec = 10;
			files = (
				CCC5DE4B2AC75BC400465D7F /* CameraControlInterface.framework in Embed Frameworks */,
				CCC5DE4D2AC75BC600465D7F /* BluetoothControl.framework in Embed Frameworks */,
				CCC5DE492AC75BC300465D7F /* CCU.framework in Embed Frameworks */,
				CCC5DE462AC75BC100465D7F /* Utility.framework in Embed Frameworks */,
			);
			name = "Embed Frameworks";
			runOnlyForDeploymentPostprocessing = 0;
		};
/* End PBXCopyFilesBuildPhase section */

/* Begin PBXFileReference section */
		CC5879DF2AC759B00081A644 /* BMD-Camview.app */ = {isa = PBXFileReference; explicitFileType = wrapper.application; includeInIndex = 0; path = "BMD-Camview.app"; sourceTree = BUILT_PRODUCTS_DIR; };
		CC5879E22AC759B00081A644 /* AppDelegate.swift */ = {isa = PBXFileReference; lastKnownFileType = sourcecode.swift; path = AppDelegate.swift; sourceTree = "<group>"; };
		CC5879E42AC759B00081A644 /* SceneDelegate.swift */ = {isa = PBXFileReference; lastKnownFileType = sourcecode.swift; path = SceneDelegate.swift; sourceTree = "<group>"; };
		CC5879E62AC759B00081A644 /* ViewController.swift */ = {isa = PBXFileReference; lastKnownFileType = sourcecode.swift; path = ViewController.swift; sourceTree = "<group>"; };
		CC5879E92AC759B00081A644 /* Base */ = {isa = PBXFileReference; lastKnownFileType = file.storyboard; name = Base; path = Base.lproj/Main.storyboard; sourceTree = "<group>"; };
		CC5879EB2AC759B20081A644 /* Assets.xcassets */ = {isa = PBXFileReference; lastKnownFileType = folder.assetcatalog; path = Assets.xcassets; sourceTree = "<group>"; };
		CC5879EE2AC759B20081A644 /* Base */ = {isa = PBXFileReference; lastKnownFileType = file.storyboard; name = Base; path = Base.lproj/LaunchScreen.storyboard; sourceTree = "<group>"; };
		CC5879F02AC759B20081A644 /* Info.plist */ = {isa = PBXFileReference; lastKnownFileType = text.plist.xml; path = Info.plist; sourceTree = "<group>"; };
		CCC5DE1C2AC75AE700465D7F /* Utility.xcodeproj */ = {isa = PBXFileReference; lastKnownFileType = "wrapper.pb-project"; name = Utility.xcodeproj; path = Utility/Apple/Utility.xcodeproj; sourceTree = "<group>"; };
		CCC5DE222AC75AF500465D7F /* CCU.xcodeproj */ = {isa = PBXFileReference; lastKnownFileType = "wrapper.pb-project"; name = CCU.xcodeproj; path = Protocol/CCU/Apple/CCU.xcodeproj; sourceTree = "<group>"; };
		CCC5DE292AC75AFF00465D7F /* BluetoothControl.xcodeproj */ = {isa = PBXFileReference; lastKnownFileType = "wrapper.pb-project"; name = BluetoothControl.xcodeproj; path = TransportControl/BluetoothControl/Apple/BluetoothControl.xcodeproj; sourceTree = "<group>"; };
		CCC5DE312AC75B0900465D7F /* CameraControlInterface.xcodeproj */ = {isa = PBXFileReference; lastKnownFileType = "wrapper.pb-project"; name = CameraControlInterface.xcodeproj; path = CameraControlInterface/Apple/CameraControlInterface.xcodeproj; sourceTree = "<group>"; };
/* End PBXFileReference section */

/* Begin PBXFrameworksBuildPhase section */
		CC5879DC2AC759B00081A644 /* Frameworks */ = {
			isa = PBXFrameworksBuildPhase;
			buildActionMask = 2147483647;
			files = (
				CCC5DE482AC75BC300465D7F /* CCU.framework in Frameworks */,
				CCC5DE4C2AC75BC600465D7F /* BluetoothControl.framework in Frameworks */,
				CCC5DE452AC75BC100465D7F /* Utility.framework in Frameworks */,
				CCC5DE4A2AC75BC400465D7F /* CameraControlInterface.framework in Frameworks */,
			);
			runOnlyForDeploymentPostprocessing = 0;
		};
/* End PBXFrameworksBuildPhase section */

/* Begin PBXGroup section */
		CC5879D62AC759B00081A644 = {
			isa = PBXGroup;
			children = (
				CC7D364E2AC75A5F00DE11E1 /* Frameworks */,
				CC5879E12AC759B00081A644 /* BMD-Camview */,
				CC5879E02AC759B00081A644 /* Products */,
			);
			sourceTree = "<group>";
		};
		CC5879E02AC759B00081A644 /* Products */ = {
			isa = PBXGroup;
			children = (
				CC5879DF2AC759B00081A644 /* BMD-Camview.app */,
			);
			name = Products;
			sourceTree = "<group>";
		};
		CC5879E12AC759B00081A644 /* BMD-Camview */ = {
			isa = PBXGroup;
			children = (
				CC5879E22AC759B00081A644 /* AppDelegate.swift */,
				CC5879E42AC759B00081A644 /* SceneDelegate.swift */,
				CC5879E62AC759B00081A644 /* ViewController.swift */,
				CC5879E82AC759B00081A644 /* Main.storyboard */,
				CC5879EB2AC759B20081A644 /* Assets.xcassets */,
				CC5879ED2AC759B20081A644 /* LaunchScreen.storyboard */,
				CC5879F02AC759B20081A644 /* Info.plist */,
			);
			path = "BMD-Camview";
			sourceTree = "<group>";
		};
		CC7D364E2AC75A5F00DE11E1 /* Frameworks */ = {
			isa = PBXGroup;
			children = (
				CCC5DE312AC75B0900465D7F /* CameraControlInterface.xcodeproj */,
				CCC5DE292AC75AFF00465D7F /* BluetoothControl.xcodeproj */,
				CCC5DE222AC75AF500465D7F /* CCU.xcodeproj */,
				CCC5DE1C2AC75AE700465D7F /* Utility.xcodeproj */,
			);
			path = Frameworks;
			sourceTree = "<group>";
		};
		CCC5DE1D2AC75AE700465D7F /* Products */ = {
			isa = PBXGroup;
			children = (
				CCC5DE212AC75AE700465D7F /* Utility.framework */,
			);
			name = Products;
			sourceTree = "<group>";
		};
		CCC5DE232AC75AF500465D7F /* Products */ = {
			isa = PBXGroup;
			children = (
				CCC5DE282AC75AF500465D7F /* CCU.framework */,
			);
			name = Products;
			sourceTree = "<group>";
		};
		CCC5DE2A2AC75AFF00465D7F /* Products */ = {
			isa = PBXGroup;
			children = (
				CCC5DE302AC75AFF00465D7F /* BluetoothControl.framework */,
			);
			name = Products;
			sourceTree = "<group>";
		};
		CCC5DE322AC75B0900465D7F /* Products */ = {
			isa = PBXGroup;
			children = (
				CCC5DE3E2AC75B0900465D7F /* CameraControlInterface.framework */,
			);
			name = Products;
			sourceTree = "<group>";
		};
/* End PBXGroup section */

/* Begin PBXNativeTarget section */
		CC5879DE2AC759B00081A644 /* BMD-Camview */ = {
			isa = PBXNativeTarget;
			buildConfigurationList = CC5879F32AC759B20081A644 /* Build configuration list for PBXNativeTarget "BMD-Camview" */;
			buildPhases = (
				CC5879DB2AC759B00081A644 /* Sources */,
				CC5879DC2AC759B00081A644 /* Frameworks */,
				CC5879DD2AC759B00081A644 /* Resources */,
				CCC5DE472AC75BC100465D7F /* Embed Frameworks */,
			);
			buildRules = (
			);
			dependencies = (
			);
			name = "BMD-Camview";
			productName = "BMD-Camview";
			productReference = CC5879DF2AC759B00081A644 /* BMD-Camview.app */;
			productType = "com.apple.product-type.application";
		};
/* End PBXNativeTarget section */

/* Begin PBXProject section */
		CC5879D72AC759B00081A644 /* Project object */ = {
			isa = PBXProject;
			attributes = {
				BuildIndependentTargetsInParallel = 1;
				LastSwiftUpdateCheck = 1500;
				LastUpgradeCheck = 1500;
				TargetAttributes = {
					CC5879DE2AC759B00081A644 = {
						CreatedOnToolsVersion = 15.0;
					};
				};
			};
			buildConfigurationList = CC5879DA2AC759B00081A644 /* Build configuration list for PBXProject "BMD-Camview" */;
			compatibilityVersion = "Xcode 14.0";
			developmentRegion = en;
			hasScannedForEncodings = 0;
			knownRegions = (
				en,
				Base,
			);
			mainGroup = CC5879D62AC759B00081A644;
			productRefGroup = CC5879E02AC759B00081A644 /* Products */;
			projectDirPath = "";
			projectReferences = (
				{
					ProductGroup = CCC5DE2A2AC75AFF00465D7F /* Products */;
					ProjectRef = CCC5DE292AC75AFF00465D7F /* BluetoothControl.xcodeproj */;
				},
				{
					ProductGroup = CCC5DE322AC75B0900465D7F /* Products */;
					ProjectRef = CCC5DE312AC75B0900465D7F /* CameraControlInterface.xcodeproj */;
				},
				{
					ProductGroup = CCC5DE232AC75AF500465D7F /* Products */;
					ProjectRef = CCC5DE222AC75AF500465D7F /* CCU.xcodeproj */;
				},
				{
					ProductGroup = CCC5DE1D2AC75AE700465D7F /* Products */;
					ProjectRef = CCC5DE1C2AC75AE700465D7F /* Utility.xcodeproj */;
				},
			);
			projectRoot = "";
			targets = (
				CC5879DE2AC759B00081A644 /* BMD-Camview */,
			);
		};
/* End PBXProject section */

/* Begin PBXReferenceProxy section */
		CCC5DE212AC75AE700465D7F /* Utility.framework */ = {
			isa = PBXReferenceProxy;
			fileType = wrapper.framework;
			path = Utility.framework;
			remoteRef = CCC5DE202AC75AE700465D7F /* PBXContainerItemProxy */;
			sourceTree = BUILT_PRODUCTS_DIR;
		};
		CCC5DE282AC75AF500465D7F /* CCU.framework */ = {
			isa = PBXReferenceProxy;
			fileType = wrapper.framework;
			path = CCU.framework;
			remoteRef = CCC5DE272AC75AF500465D7F /* PBXContainerItemProxy */;
			sourceTree = BUILT_PRODUCTS_DIR;
		};
		CCC5DE302AC75AFF00465D7F /* BluetoothControl.framework */ = {
			isa = PBXReferenceProxy;
			fileType = wrapper.framework;
			path = BluetoothControl.framework;
			remoteRef = CCC5DE2F2AC75AFF00465D7F /* PBXContainerItemProxy */;
			sourceTree = BUILT_PRODUCTS_DIR;
		};
		CCC5DE3E2AC75B0900465D7F /* CameraControlInterface.framework */ = {
			isa = PBXReferenceProxy;
			fileType = wrapper.framework;
			path = CameraControlInterface.framework;
			remoteRef = CCC5DE3D2AC75B0900465D7F /* PBXContainerItemProxy */;
			sourceTree = BUILT_PRODUCTS_DIR;
		};
/* End PBXReferenceProxy section */

/* Begin PBXResourcesBuildPhase section */
		CC5879DD2AC759B00081A644 /* Resources */ = {
			isa = PBXResourcesBuildPhase;
			buildActionMask = 2147483647;
			files = (
				CC5879EF2AC759B20081A644 /* LaunchScreen.storyboard in Resources */,
				CC5879EC2AC759B20081A644 /* Assets.xcassets in Resources */,
				CC5879EA2AC759B00081A644 /* Main.storyboard in Resources */,
			);
			runOnlyForDeploymentPostprocessing = 0;
		};
/* End PBXResourcesBuildPhase section */

/* Begin PBXSourcesBuildPhase section */
		CC5879DB2AC759B00081A644 /* Sources */ = {
			isa = PBXSourcesBuildPhase;
			buildActionMask = 2147483647;
			files = (
				CC5879E72AC759B00081A644 /* ViewController.swift in Sources */,
				CC5879E32AC759B00081A644 /* AppDelegate.swift in Sources */,
				CC5879E52AC759B00081A644 /* SceneDelegate.swift in Sources */,
			);
			runOnlyForDeploymentPostprocessing = 0;
		};
/* End PBXSourcesBuildPhase section */

/* Begin PBXVariantGroup section */
		CC5879E82AC759B00081A644 /* Main.storyboard */ = {
			isa = PBXVariantGroup;
			children = (
				CC5879E92AC759B00081A644 /* Base */,
			);
			name = Main.storyboard;
			sourceTree = "<group>";
		};
		CC5879ED2AC759B20081A644 /* LaunchScreen.storyboard */ = {
			isa = PBXVariantGroup;
			children = (
				CC5879EE2AC759B20081A644 /* Base */,
			);
			name = LaunchScreen.storyboard;
			sourceTree = "<group>";
		};
/* End PBXVariantGroup section */

/* Begin XCBuildConfiguration section */
		CC5879F12AC759B20081A644 /* Debug */ = {
			isa = XCBuildConfiguration;
			buildSettings = {
				ALWAYS_SEARCH_USER_PATHS = NO;
				ASSETCATALOG_COMPILER_GENERATE_SWIFT_ASSET_SYMBOL_EXTENSIONS = YES;
				CLANG_ANALYZER_NONNULL = YES;
				CLANG_ANALYZER_NUMBER_OBJECT_CONVERSION = YES_AGGRESSIVE;
				CLANG_CXX_LANGUAGE_STANDARD = "gnu++20";
				CLANG_ENABLE_MODULES = YES;
				CLANG_ENABLE_OBJC_ARC = YES;
				CLANG_ENABLE_OBJC_WEAK = YES;
				CLANG_WARN_BLOCK_CAPTURE_AUTORELEASING = YES;
				CLANG_WARN_BOOL_CONVERSION = YES;
				CLANG_WARN_COMMA = YES;
				CLANG_WARN_CONSTANT_CONVERSION = YES;
				CLANG_WARN_DEPRECATED_OBJC_IMPLEMENTATIONS = YES;
				CLANG_WARN_DIRECT_OBJC_ISA_USAGE = YES_ERROR;
				CLANG_WARN_DOCUMENTATION_COMMENTS = YES;
				CLANG_WARN_EMPTY_BODY = YES;
				CLANG_WARN_ENUM_CONVERSION = YES;
				CLANG_WARN_INFINITE_RECURSION = YES;
				CLANG_WARN_INT_CONVERSION = YES;
				CLANG_WARN_NON_LITERAL_NULL_CONVERSION = YES;
				CLANG_WARN_OBJC_IMPLICIT_RETAIN_SELF = YES;
				CLANG_WARN_OBJC_LITERAL_CONVERSION = YES;
				CLANG_WARN_OBJC_ROOT_CLASS = YES_ERROR;
				CLANG_WARN_QUOTED_INCLUDE_IN_FRAMEWORK_HEADER = YES;
				CLANG_WARN_RANGE_LOOP_ANALYSIS = YES;
				CLANG_WARN_STRICT_PROTOTYPES = YES;
				CLANG_WARN_SUSPICIOUS_MOVE = YES;
				CLANG_WARN_UNGUARDED_AVAILABILITY = YES_AGGRESSIVE;
				CLANG_WARN_UNREACHABLE_CODE = YES;
				CLANG_WARN__DUPLICATE_METHOD_MATCH = YES;
				COPY_PHASE_STRIP = NO;
				DEBUG_INFORMATION_FORMAT = dwarf;
				ENABLE_STRICT_OBJC_MSGSEND = YES;
				ENABLE_TESTABILITY = YES;
				ENABLE_USER_SCRIPT_SANDBOXING = YES;
				GCC_C_LANGUAGE_STANDARD = gnu17;
				GCC_DYNAMIC_NO_PIC = NO;
				GCC_NO_COMMON_BLOCKS = YES;
				GCC_OPTIMIZATION_LEVEL = 0;
				GCC_PREPROCESSOR_DEFINITIONS = (
					"DEBUG=1",
					"$(inherited)",
				);
				GCC_WARN_64_TO_32_BIT_CONVERSION = YES;
				GCC_WARN_ABOUT_RETURN_TYPE = YES_ERROR;
				GCC_WARN_UNDECLARED_SELECTOR = YES;
				GCC_WARN_UNINITIALIZED_AUTOS = YES_AGGRESSIVE;
				GCC_WARN_UNUSED_FUNCTION = YES;
				GCC_WARN_UNUSED_VARIABLE = YES;
				IPHONEOS_DEPLOYMENT_TARGET = 17.0;
				LOCALIZATION_PREFERS_STRING_CATALOGS = YES;
				MTL_ENABLE_DEBUG_INFO = INCLUDE_SOURCE;
				MTL_FAST_MATH = YES;
				ONLY_ACTIVE_ARCH = YES;
				SDKROOT = iphoneos;
				SWIFT_ACTIVE_COMPILATION_CONDITIONS = "DEBUG $(inherited)";
				SWIFT_OPTIMIZATION_LEVEL = "-Onone";
			};
			name = Debug;
		};
		CC5879F22AC759B20081A644 /* Release */ = {
			isa = XCBuildConfiguration;
			buildSettings = {
				ALWAYS_SEARCH_USER_PATHS = NO;
				ASSETCATALOG_COMPILER_GENERATE_SWIFT_ASSET_SYMBOL_EXTENSIONS = YES;
				CLANG_ANALYZER_NONNULL = YES;
				CLANG_ANALYZER_NUMBER_OBJECT_CONVERSION = YES_AGGRESSIVE;
				CLANG_CXX_LANGUAGE_STANDARD = "gnu++20";
				CLANG_ENABLE_MODULES = YES;
				CLANG_ENABLE_OBJC_ARC = YES;
				CLANG_ENABLE_OBJC_WEAK = YES;
				CLANG_WARN_BLOCK_CAPTURE_AUTORELEASING = YES;
				CLANG_WARN_BOOL_CONVERSION = YES;
				CLANG_WARN_COMMA = YES;
				CLANG_WARN_CONSTANT_CONVERSION = YES;
				CLANG_WARN_DEPRECATED_OBJC_IMPLEMENTATIONS = YES;
				CLANG_WARN_DIRECT_OBJC_ISA_USAGE = YES_ERROR;
				CLANG_WARN_DOCUMENTATION_COMMENTS = YES;
				CLANG_WARN_EMPTY_BODY = YES;
				CLANG_WARN_ENUM_CONVERSION = YES;
				CLANG_WARN_INFINITE_RECURSION = YES;
				CLANG_WARN_INT_CONVERSION = YES;
				CLANG_WARN_NON_LITERAL_NULL_CONVERSION = YES;
				CLANG_WARN_OBJC_IMPLICIT_RETAIN_SELF = YES;
				CLANG_WARN_OBJC_LITERAL_CONVERSION = YES;
				CLANG_WARN_OBJC_ROOT_CLASS = YES_ERROR;
				CLANG_WARN_QUOTED_INCLUDE_IN_FRAMEWORK_HEADER = YES;
				CLANG_WARN_RANGE_LOOP_ANALYSIS = YES;
				CLANG_WARN_STRICT_PROTOTYPES = YES;
				CLANG_WARN_SUSPICIOUS_MOVE = YES;
				CLANG_WARN_UNGUARDED_AVAILABILITY = YES_AGGRESSIVE;
				CLANG_WARN_UNREACHABLE_CODE = YES;
				CLANG_WARN__DUPLICATE_METHOD_MATCH = YES;
				COPY_PHASE_STRIP = NO;
				DEBUG_INFORMATION_FORMAT = "dwarf-with-dsym";
				ENABLE_NS_ASSERTIONS = NO;
				ENABLE_STRICT_OBJC_MSGSEND = YES;
				ENABLE_USER_SCRIPT_SANDBOXING = YES;
				GCC_C_LANGUAGE_STANDARD = gnu17;
				GCC_NO_COMMON_BLOCKS = YES;
				GCC_WARN_64_TO_32_BIT_CONVERSION = YES;
				GCC_WARN_ABOUT_RETURN_TYPE = YES_ERROR;
				GCC_WARN_UNDECLARED_SELECTOR = YES;
				GCC_WARN_UNINITIALIZED_AUTOS = YES_AGGRESSIVE;
				GCC_WARN_UNUSED_FUNCTION = YES;
				GCC_WARN_UNUSED_VARIABLE = YES;
				IPHONEOS_DEPLOYMENT_TARGET = 17.0;
				LOCALIZATION_PREFERS_STRING_CATALOGS = YES;
				MTL_ENABLE_DEBUG_INFO = NO;
				MTL_FAST_MATH = YES;
				SDKROOT = iphoneos;
				SWIFT_COMPILATION_MODE = wholemodule;
				VALIDATE_PRODUCT = YES;
			};
			name = Release;
		};
		CC5879F42AC759B20081A644 /* Debug */ = {
			isa = XCBuildConfiguration;
			buildSettings = {
				ASSETCATALOG_COMPILER_APPICON_NAME = AppIcon;
				ASSETCATALOG_COMPILER_GLOBAL_ACCENT_COLOR_NAME = AccentColor;
				CODE_SIGN_STYLE = Automatic;
				CURRENT_PROJECT_VERSION = 1;
				DEVELOPMENT_TEAM = 87KP2X8B9K;
				FRAMEWORK_SEARCH_PATHS = (
					"$(SRCROOT)/Frameworks/Utility/Apple/bin/$(CONFIGURATION)",
					"$(SRCROOT)/Frameworks/Protocol/PTP/Apple/bin/$(CONFIGURATION)",
					"$(SRCROOT)/Frameworks/TransportControl/USBControl/Apple/bin/$(CONFIGURATION)",
					"$(SRCROOT)/Frameworks/Protocol/CCU/Apple/bin/$(CONFIGURATION)",
					"$(SRCROOT)/Frameworks/TransportControl/BluetoothControl/Apple/bin/$(CONFIGURATION)",
					"$(SRCROOT)/Frameworks/CameraControlInterface/Apple/bin/$(CONFIGURATION)",
				);
				GENERATE_INFOPLIST_FILE = YES;
				INFOPLIST_FILE = "BMD-Camview/Info.plist";
				INFOPLIST_KEY_NSBluetoothAlwaysUsageDescription = "Just hit the OK button";
				INFOPLIST_KEY_UIApplicationSupportsIndirectInputEvents = YES;
				INFOPLIST_KEY_UILaunchStoryboardName = LaunchScreen;
				INFOPLIST_KEY_UIMainStoryboardFile = Main;
				INFOPLIST_KEY_UISupportedInterfaceOrientations_iPad = "UIInterfaceOrientationPortrait UIInterfaceOrientationPortraitUpsideDown UIInterfaceOrientationLandscapeLeft UIInterfaceOrientationLandscapeRight";
				INFOPLIST_KEY_UISupportedInterfaceOrientations_iPhone = "UIInterfaceOrientationPortrait UIInterfaceOrientationLandscapeLeft UIInterfaceOrientationLandscapeRight";
				LD_RUNPATH_SEARCH_PATHS = (
					"$(inherited)",
					"@executable_path/Frameworks",
				);
				MARKETING_VERSION = 1.0;
				PRODUCT_BUNDLE_IDENTIFIER = "net.pbdna.BMD-Camview";
				PRODUCT_NAME = "$(TARGET_NAME)";
				SWIFT_EMIT_LOC_STRINGS = YES;
				SWIFT_VERSION = 5.0;
				TARGETED_DEVICE_FAMILY = "1,2";
			};
			name = Debug;
		};
		CC5879F52AC759B20081A644 /* Release */ = {
			isa = XCBuildConfiguration;
			buildSettings = {
				ASSETCATALOG_COMPILER_APPICON_NAME = AppIcon;
				ASSETCATALOG_COMPILER_GLOBAL_ACCENT_COLOR_NAME = AccentColor;
				CODE_SIGN_STYLE = Automatic;
				CURRENT_PROJECT_VERSION = 1;
				DEVELOPMENT_TEAM = 87KP2X8B9K;
				FRAMEWORK_SEARCH_PATHS = (
					"$(SRCROOT)/Frameworks/Utility/Apple/bin/$(CONFIGURATION)",
					"$(SRCROOT)/Frameworks/Protocol/PTP/Apple/bin/$(CONFIGURATION)",
					"$(SRCROOT)/Frameworks/TransportControl/USBControl/Apple/bin/$(CONFIGURATION)",
					"$(SRCROOT)/Frameworks/Protocol/CCU/Apple/bin/$(CONFIGURATION)",
					"$(SRCROOT)/Frameworks/TransportControl/BluetoothControl/Apple/bin/$(CONFIGURATION)",
					"$(SRCROOT)/Frameworks/CameraControlInterface/Apple/bin/$(CONFIGURATION)",
				);
				GENERATE_INFOPLIST_FILE = YES;
				INFOPLIST_FILE = "BMD-Camview/Info.plist";
				INFOPLIST_KEY_NSBluetoothAlwaysUsageDescription = "Just hit the OK button";
				INFOPLIST_KEY_UIApplicationSupportsIndirectInputEvents = YES;
				INFOPLIST_KEY_UILaunchStoryboardName = LaunchScreen;
				INFOPLIST_KEY_UIMainStoryboardFile = Main;
				INFOPLIST_KEY_UISupportedInterfaceOrientations_iPad = "UIInterfaceOrientationPortrait UIInterfaceOrientationPortraitUpsideDown UIInterfaceOrientationLandscapeLeft UIInterfaceOrientationLandscapeRight";
				INFOPLIST_KEY_UISupportedInterfaceOrientations_iPhone = "UIInterfaceOrientationPortrait UIInterfaceOrientationLandscapeLeft UIInterfaceOrientationLandscapeRight";
				LD_RUNPATH_SEARCH_PATHS = (
					"$(inherited)",
					"@executable_path/Frameworks",
				);
				MARKETING_VERSION = 1.0;
				PRODUCT_BUNDLE_IDENTIFIER = "net.pbdna.BMD-Camview";
				PRODUCT_NAME = "$(TARGET_NAME)";
				SWIFT_EMIT_LOC_STRINGS = YES;
				SWIFT_VERSION = 5.0;
				TARGETED_DEVICE_FAMILY = "1,2";
			};
			name = Release;
		};
/* End XCBuildConfiguration section */

/* Begin XCConfigurationList section */
		CC5879DA2AC759B00081A644 /* Build configuration list for PBXProject "BMD-Camview" */ = {
			isa = XCConfigurationList;
			buildConfigurations = (
				CC5879F12AC759B20081A644 /* Debug */,
				CC5879F22AC759B20081A644 /* Release */,
			);
			defaultConfigurationIsVisible = 0;
			defaultConfigurationName = Release;
		};
		CC5879F32AC759B20081A644 /* Build configuration list for PBXNativeTarget "BMD-Camview" */ = {
			isa = XCConfigurationList;
			buildConfigurations = (
				CC5879F42AC759B20081A644 /* Debug */,
				CC5879F52AC759B20081A644 /* Release */,
			);
			defaultConfigurationIsVisible = 0;
			defaultConfigurationName = Release;
		};
/* End XCConfigurationList section */
	};
	rootObject = CC5879D72AC759B00081A644 /* Project object */;
}
